
Microsoft Visual Studio Solution File, Format Version 12.00
# Visual Studio Version 17
VisualStudioVersion = 17.7.34221.43
MinimumVisualStudioVersion = 10.0.40219.1
Project("{FAE04EC0-301F-11D3-BF4B-00C04F79EFBC}") = "Proyecto1ProgramacionII", "Proyecto1ProgramacionII\Proyecto1ProgramacionII.csproj", "{64A72FA2-396A-41BE-BC6D-E507A6E7E35F}"
EndProject
Global
	GlobalSection(SolutionConfigurationPlatforms) = preSolution
		Debug|Any CPU = Debug|Any CPU
		Release|Any CPU = Release|Any CPU
	EndGlobalSection
	GlobalSection(ProjectConfigurationPlatforms) = postSolution
		{64A72FA2-396A-41BE-BC6D-E507A6E7E35F}.Debug|Any CPU.ActiveCfg = Debug|Any CPU
		{64A72FA2-396A-41BE-BC6D-E507A6E7E35F}.Debug|Any CPU.Build.0 = Debug|Any CPU
		{64A72FA2-396A-41BE-BC6D-E507A6E7E35F}.Release|Any CPU.ActiveCfg = Release|Any CPU
		{64A72FA2-396A-41BE-BC6D-E507A6E7E35F}.Release|Any CPU.Build.0 = Release|Any CPU
	EndGlobalSection
	GlobalSection(SolutionProperties) = preSolution
		HideSolutionNode = FALSE
	EndGlobalSection
	GlobalSection(ExtensibilityGlobals) = postSolution
		SolutionGuid = {3328FCFE-DDB0-469D-AE02-B7EBE55846C1}
	EndGlobalSection
EndGlobal
